
Microsoft Visual Studio Solution File, Format Version 12.00
# Visual Studio Version 16
VisualStudioVersion = 16.0.30011.22
MinimumVisualStudioVersion = 10.0.40219.1
Project("{FAE04EC0-301F-11D3-BF4B-00C04F79EFBC}") = "Farmacia_Final", "Farmacia_Final\Farmacia_Final.csproj", "{AB09CA5D-2A50-4C16-A9B8-2864F08EA813}"
EndProject
Project("{FAE04EC0-301F-11D3-BF4B-00C04F79EFBC}") = "UnitTestProject1", "UnitTestProject1\UnitTestProject1.csproj", "{52B9B47B-68AA-4171-AB8A-41245D0E3F76}"
EndProject
Global
	GlobalSection(SolutionConfigurationPlatforms) = preSolution
		Debug|Any CPU = Debug|Any CPU
		Release|Any CPU = Release|Any CPU
	EndGlobalSection
	GlobalSection(ProjectConfigurationPlatforms) = postSolution
		{AB09CA5D-2A50-4C16-A9B8-2864F08EA813}.Debug|Any CPU.ActiveCfg = Debug|Any CPU
		{AB09CA5D-2A50-4C16-A9B8-2864F08EA813}.Debug|Any CPU.Build.0 = Debug|Any CPU
		{AB09CA5D-2A50-4C16-A9B8-2864F08EA813}.Release|Any CPU.ActiveCfg = Release|Any CPU
		{AB09CA5D-2A50-4C16-A9B8-2864F08EA813}.Release|Any CPU.Build.0 = Release|Any CPU
		{52B9B47B-68AA-4171-AB8A-41245D0E3F76}.Debug|Any CPU.ActiveCfg = Debug|Any CPU
		{52B9B47B-68AA-4171-AB8A-41245D0E3F76}.Debug|Any CPU.Build.0 = Debug|Any CPU
		{52B9B47B-68AA-4171-AB8A-41245D0E3F76}.Release|Any CPU.ActiveCfg = Release|Any CPU
		{52B9B47B-68AA-4171-AB8A-41245D0E3F76}.Release|Any CPU.Build.0 = Release|Any CPU
	EndGlobalSection
	GlobalSection(SolutionProperties) = preSolution
		HideSolutionNode = FALSE
	EndGlobalSection
	GlobalSection(ExtensibilityGlobals) = postSolution
		SolutionGuid = {3980846E-FA69-4E31-9615-3A6C803AD83C}
	EndGlobalSection
EndGlobal
